
Microsoft Visual Studio Solution File, Format Version 12.00
# Visual Studio Version 17
VisualStudioVersion = 17.3.32819.101
MinimumVisualStudioVersion = 10.0.40219.1
Project("{FAE04EC0-301F-11D3-BF4B-00C04F79EFBC}") = "WF_MySqlExecT9", "WF_MySqlExecT9\WF_MySqlExecT9.csproj", "{4F53C292-7B59-4A50-B700-45115BF6CB27}"
EndProject
Global
	GlobalSection(SolutionConfigurationPlatforms) = preSolution
		Debug|Any CPU = Debug|Any CPU
		Release|Any CPU = Release|Any CPU
	EndGlobalSection
	GlobalSection(ProjectConfigurationPlatforms) = postSolution
		{4F53C292-7B59-4A50-B700-45115BF6CB27}.Debug|Any CPU.ActiveCfg = Debug|Any CPU
		{4F53C292-7B59-4A50-B700-45115BF6CB27}.Debug|Any CPU.Build.0 = Debug|Any CPU
		{4F53C292-7B59-4A50-B700-45115BF6CB27}.Release|Any CPU.ActiveCfg = Release|Any CPU
		{4F53C292-7B59-4A50-B700-45115BF6CB27}.Release|Any CPU.Build.0 = Release|Any CPU
	EndGlobalSection
	GlobalSection(SolutionProperties) = preSolution
		HideSolutionNode = FALSE
	EndGlobalSection
	GlobalSection(ExtensibilityGlobals) = postSolution
		SolutionGuid = {BBD4087A-E2A4-4012-BF71-67F770097F27}
	EndGlobalSection
EndGlobal
